
Microsoft Visual Studio Solution File, Format Version 12.00
# Visual Studio Version 17
VisualStudioVersion = 17.14.36119.2
MinimumVisualStudioVersion = 10.0.40219.1
Project("{FAE04EC0-301F-11D3-BF4B-00C04F79EFBC}") = "QL_Nha-thuoc", "QL_Nha-thuoc\QL_Nha-thuoc.csproj", "{F91C4B8F-204B-4E61-A4FA-77EDECC4F86B}"
EndProject
Global
	GlobalSection(SolutionConfigurationPlatforms) = preSolution
		Debug|Any CPU = Debug|Any CPU
		Release|Any CPU = Release|Any CPU
	EndGlobalSection
	GlobalSection(ProjectConfigurationPlatforms) = postSolution
		{F91C4B8F-204B-4E61-A4FA-77EDECC4F86B}.Debug|Any CPU.ActiveCfg = Debug|Any CPU
		{F91C4B8F-204B-4E61-A4FA-77EDECC4F86B}.Debug|Any CPU.Build.0 = Debug|Any CPU
		{F91C4B8F-204B-4E61-A4FA-77EDECC4F86B}.Release|Any CPU.ActiveCfg = Release|Any CPU
		{F91C4B8F-204B-4E61-A4FA-77EDECC4F86B}.Release|Any CPU.Build.0 = Release|Any CPU
	EndGlobalSection
	GlobalSection(SolutionProperties) = preSolution
		HideSolutionNode = FALSE
	EndGlobalSection
	GlobalSection(ExtensibilityGlobals) = postSolution
		SolutionGuid = {A781C24F-0B82-43DE-84B5-A8F687A33E3F}
	EndGlobalSection
EndGlobal
